{
  "requires": true,
  "lockfileVersion": 1,
  "dependencies": {
    "boolbase": {
      "version": "1.0.0",
      "resolved": "https://registry.npmjs.org/boolbase/-/boolbase-1.0.0.tgz",
      "integrity": "sha1-aN/1++YMUes3cl6p4+0xDcwed24="
    },
    "cheerio": {
      "version": "0.22.0",
      "resolved": "http://registry.npm.taobao.org/cheerio/download/cheerio-0.22.0.tgz",
      "integrity": "sha1-qbqoYKP5tZWmuBsahocxIe06Jp4=",
      "requires": {
        "css-select": "~1.2.0",
        "dom-serializer": "~0.1.0",
        "entities": "~1.1.1",
        "htmlparser2": "^3.9.1",
        "lodash.assignin": "^4.0.9",
        "lodash.bind": "^4.1.4",
        "lodash.defaults": "^4.0.1",
        "lodash.filter": "^4.4.0",
        "lodash.flatten": "^4.2.0",
        "lodash.foreach": "^4.3.0",
        "lodash.map": "^4.4.0",
        "lodash.merge": "^4.4.0",
        "lodash.pick": "^4.2.1",
        "lodash.reduce": "^4.4.0",
        "lodash.reject": "^4.4.0",
        "lodash.some": "^4.4.0"
      }
    },
    "colors": {
      "version": "1.3.0",
      "resolved": "http://registry.npm.taobao.org/colors/download/colors-1.3.0.tgz",
      "integrity": "sha1-XyDJ/vaUXLETQmCqszv73IKV4E4="
    },
    "core-util-is": {
      "version": "1.0.2",
      "resolved": "https://registry.npmjs.org/core-util-is/-/core-util-is-1.0.2.tgz",
      "integrity": "sha1-tf1UIgqivFq1eqtxQMlAdUUDwac="
    },
    "css-select": {
      "version": "1.2.0",
      "resolved": "https://registry.npmjs.org/css-select/-/css-select-1.2.0.tgz",
      "integrity": "sha1-KzoRBTnFNV8c2NMUYj6HCxIeyFg=",
      "requires": {
        "boolbase": "~1.0.0",
        "css-what": "2.1",
        "domutils": "1.5.1",
        "nth-check": "~1.0.1"
      }
    },
    "css-what": {
      "version": "2.1.0",
      "resolved": "https://registry.npmjs.org/css-what/-/css-what-2.1.0.tgz",
      "integrity": "sha1-lGfQMsOM+u+58teVASUwYvh/ob0="
    },
    "dom-serializer": {
      "version": "0.1.0",
      "resolved": "https://registry.npmjs.org/dom-serializer/-/dom-serializer-0.1.0.tgz",
      "integrity": "sha1-BzxpdUbOB4DOI75KKOKT5AvDDII=",
      "requires": {
        "domelementtype": "~1.1.1",
        "entities": "~1.1.1"
      },
      "dependencies": {
        "domelementtype": {
          "version": "1.1.3",
          "resolved": "https://registry.npmjs.org/domelementtype/-/domelementtype-1.1.3.tgz",
          "integrity": "sha1-vSh3PiZCiBrsUVRJJCmcXNgiGFs="
        }
      }
    },
    "domelementtype": {
      "version": "1.3.0",
      "resolved": "https://registry.npmjs.org/domelementtype/-/domelementtype-1.3.0.tgz",
      "integrity": "sha1-sXrtguirWeUt2cGbF1bg/BhyBMI="
    },
    "domhandler": {
      "version": "2.4.2",
      "resolved": "https://registry.npmjs.org/domhandler/-/domhandler-2.4.2.tgz",
      "integrity": "sha1-iAUJfpM9ZehVRvcm1g9euItE+AM=",
      "requires": {
        "domelementtype": "1"
      }
    },
    "domutils": {
      "version": "1.5.1",
      "resolved": "https://registry.npmjs.org/domutils/-/domutils-1.5.1.tgz",
      "integrity": "sha1-3NhIiib1Y9YQeeSMn3t+Mjc2gs8=",
      "requires": {
        "dom-serializer": "0",
        "domelementtype": "1"
      }
    },
    "entities": {
      "version": "1.1.1",
      "resolved": "https://registry.npmjs.org/entities/-/entities-1.1.1.tgz",
      "integrity": "sha1-blwtClYhtdra7O+AuQ7ftc13cvA="
    },
    "gitbook-plugin-anchor-navigation-ex-toc": {
      "version": "0.0.11",
      "resolved": "http://registry.npm.taobao.org/gitbook-plugin-anchor-navigation-ex-toc/download/gitbook-plugin-anchor-navigation-ex-toc-0.0.11.tgz",
      "integrity": "sha1-MX2KjjIC48EDjAidx+Z9CzkgHfI=",
      "requires": {
        "cheerio": "*",
        "colors": "^1.1.2",
        "github-slugid": "1.0.1"
      }
    },
    "gitbook-plugin-anchors": {
      "version": "0.7.1",
      "resolved": "http://registry.npm.taobao.org/gitbook-plugin-anchors/download/gitbook-plugin-anchors-0.7.1.tgz",
      "integrity": "sha1-j1hbmasaYC6nFDQiWMlXI4427II=",
      "requires": {
        "cheerio": "*",
        "github-slugid": "1.0.1"
      }
    },
    "gitbook-plugin-code": {
      "version": "0.1.0",
      "resolved": "http://registry.npm.taobao.org/gitbook-plugin-code/download/gitbook-plugin-code-0.1.0.tgz",
      "integrity": "sha1-gRqWALrvdViuGTzufVgQABZn6Xs="
    },
    "gitbook-plugin-custom-favicon": {
      "version": "0.0.4",
      "resolved": "http://registry.npm.taobao.org/gitbook-plugin-custom-favicon/download/gitbook-plugin-custom-favicon-0.0.4.tgz",
      "integrity": "sha1-y3NynUdYy3xsVk6O+wNdH24Irs8="
    },
    "gitbook-plugin-disqus": {
      "version": "0.1.0",
      "resolved": "http://registry.npm.taobao.org/gitbook-plugin-disqus/download/gitbook-plugin-disqus-0.1.0.tgz",
      "integrity": "sha1-9gNfnEmHz1/JGA4FpkQ1pngpatY="
    },
    "gitbook-plugin-expandable-chapters-small": {
      "version": "0.1.7",
      "resolved": "http://registry.npm.taobao.org/gitbook-plugin-expandable-chapters-small/download/gitbook-plugin-expandable-chapters-small-0.1.7.tgz",
      "integrity": "sha1-r8nll7aFEVb6ewAjH/irk/T+ukw="
    },
    "gitbook-plugin-github-buttons": {
      "version": "3.0.0",
      "resolved": "http://registry.npm.taobao.org/gitbook-plugin-github-buttons/download/gitbook-plugin-github-buttons-3.0.0.tgz",
      "integrity": "sha1-ClfJJmUU/gWbgIRSDTuYRCTba+E="
    },
    "gitbook-plugin-hints": {
      "version": "1.0.2",
      "resolved": "http://registry.npm.taobao.org/gitbook-plugin-hints/download/gitbook-plugin-hints-1.0.2.tgz",
      "integrity": "sha1-5liZg+PqhHSfFtxjHigvr9Rew5s="
    },
    "gitbook-plugin-image-captions": {
      "version": "3.1.0",
      "resolved": "http://registry.npm.taobao.org/gitbook-plugin-image-captions/download/gitbook-plugin-image-captions-3.1.0.tgz",
      "integrity": "sha1-gG+V+ZRuSBKFzmmWI1N0OMaGsEo=",
      "requires": {
        "cheerio": "^0.22.0",
        "q": "^1.4.1"
      }
    },
    "gitbook-plugin-katex": {
      "version": "1.1.4",
      "resolved": "http://registry.npm.taobao.org/gitbook-plugin-katex/download/gitbook-plugin-katex-1.1.4.tgz",
      "integrity": "sha1-nTI++t0mw0CFJsXCJ+vbTBEg2aw=",
      "requires": {
        "katex": "0.7.1"
      },
      "dependencies": {
        "katex": {
          "version": "0.7.1",
          "resolved": "http://registry.npm.taobao.org/katex/download/katex-0.7.1.tgz",
          "integrity": "sha1-BrtSmO+tBeHnIoA1uo4VkfMGG48=",
          "requires": {
            "match-at": "^0.1.0"
          }
        }
      }
    },
    "gitbook-plugin-katex-plus": {
      "version": "1.1.0",
      "resolved": "http://registry.npm.taobao.org/gitbook-plugin-katex-plus/download/gitbook-plugin-katex-plus-1.1.0.tgz",
      "integrity": "sha1-ZUUhPYziFH+7ieHH+woScwl1GWo=",
      "requires": {
        "katex": "^0.9.0-alpha2"
      }
    },
    "gitbook-plugin-search-plus": {
      "version": "1.0.3",
      "resolved": "http://registry.npm.taobao.org/gitbook-plugin-search-plus/download/gitbook-plugin-search-plus-1.0.3.tgz",
      "integrity": "sha1-oy7GCZ5WQTkCJMv3XIx34PiuMVw=",
      "requires": {
        "html-entities": "1.2.0"
      }
    },
    "gitbook-plugin-sharing-plus": {
      "version": "0.0.2",
      "resolved": "http://registry.npm.taobao.org/gitbook-plugin-sharing-plus/download/gitbook-plugin-sharing-plus-0.0.2.tgz",
      "integrity": "sha1-FstYGACikvAbvY19Ic6jID0Jcz8=",
      "requires": {
        "lodash": "^3.10.1"
      }
    },
    "gitbook-plugin-splitter": {
      "version": "0.0.8",
      "resolved": "http://registry.npm.taobao.org/gitbook-plugin-splitter/download/gitbook-plugin-splitter-0.0.8.tgz",
      "integrity": "sha1-8rBRMGD8kma0awQYLk7KHUtx+vw="
    },
    "gitbook-plugin-tbfed-pagefooter": {
      "version": "0.0.1",
      "resolved": "http://registry.npm.taobao.org/gitbook-plugin-tbfed-pagefooter/download/gitbook-plugin-tbfed-pagefooter-0.0.1.tgz",
      "integrity": "sha1-Fu54QGLdhQQmTEd+h2X8ScQb7T0=",
      "requires": {
        "moment": "^2.10.6"
      }
    },
    "github-slugid": {
      "version": "1.0.1",
      "resolved": "https://registry.npmjs.org/github-slugid/-/github-slugid-1.0.1.tgz",
      "integrity": "sha1-vM3QgVv61p2KNZ+k/WWUfWBuw8A="
    },
    "html-entities": {
      "version": "1.2.0",
      "resolved": "https://registry.npmjs.org/html-entities/-/html-entities-1.2.0.tgz",
      "integrity": "sha1-QZSMr4XOgv7Tbk5qDtNxpmZDeeI="
    },
    "htmlparser2": {
      "version": "3.9.2",
      "resolved": "https://registry.npmjs.org/htmlparser2/-/htmlparser2-3.9.2.tgz",
      "integrity": "sha1-G9+HrMoPP55T+k/M6w9LTLsAszg=",
      "requires": {
        "domelementtype": "^1.3.0",
        "domhandler": "^2.3.0",
        "domutils": "^1.5.1",
        "entities": "^1.1.1",
        "inherits": "^2.0.1",
        "readable-stream": "^2.0.2"
      }
    },
    "inherits": {
      "version": "2.0.3",
      "resolved": "https://registry.npmjs.org/inherits/-/inherits-2.0.3.tgz",
      "integrity": "sha1-Yzwsg+PaQqUC9SRmAiSA9CCCYd4="
    },
    "isarray": {
      "version": "1.0.0",
      "resolved": "https://registry.npmjs.org/isarray/-/isarray-1.0.0.tgz",
      "integrity": "sha1-u5NdSFgsuhaMBoNJV6VKPgcSTxE="
    },
    "katex": {
      "version": "0.9.0",
      "resolved": "http://registry.npm.taobao.org/katex/download/katex-0.9.0.tgz",
      "integrity": "sha1-JqfQgsIdU3JUItLXHamy2EVfvUo=",
      "requires": {
        "match-at": "^0.1.1"
      }
    },
    "lodash": {
      "version": "3.10.1",
      "resolved": "https://registry.npmjs.org/lodash/-/lodash-3.10.1.tgz",
      "integrity": "sha1-W/Rejkm6QYnhfUgnid/RW9FAt7Y="
    },
    "lodash.assignin": {
      "version": "4.2.0",
      "resolved": "http://registry.npm.taobao.org/lodash.assignin/download/lodash.assignin-4.2.0.tgz",
      "integrity": "sha1-uo31+4QesKPoBEIysOJjqNxqKKI="
    },
    "lodash.bind": {
      "version": "4.2.1",
      "resolved": "http://registry.npm.taobao.org/lodash.bind/download/lodash.bind-4.2.1.tgz",
      "integrity": "sha1-euMBfpOWIqwxt9fX3LGzTbFpDTU="
    },
    "lodash.defaults": {
      "version": "4.2.0",
      "resolved": "http://registry.npm.taobao.org/lodash.defaults/download/lodash.defaults-4.2.0.tgz",
      "integrity": "sha1-0JF4cW/+pN3p5ft7N/bwgCJ0WAw="
    },
    "lodash.filter": {
      "version": "4.6.0",
      "resolved": "http://registry.npm.taobao.org/lodash.filter/download/lodash.filter-4.6.0.tgz",
      "integrity": "sha1-ZosdSYFgOuHMWm+nYBQ+SAtMSs4="
    },
    "lodash.flatten": {
      "version": "4.4.0",
      "resolved": "http://registry.npm.taobao.org/lodash.flatten/download/lodash.flatten-4.4.0.tgz",
      "integrity": "sha1-8xwiIlqWMtK7+OSt2+8kCqdlph8="
    },
    "lodash.foreach": {
      "version": "4.5.0",
      "resolved": "http://registry.npm.taobao.org/lodash.foreach/download/lodash.foreach-4.5.0.tgz",
      "integrity": "sha1-Gmo16s5AEoDH8G3d7DUWWrJ+PlM="
    },
    "lodash.map": {
      "version": "4.6.0",
      "resolved": "http://registry.npm.taobao.org/lodash.map/download/lodash.map-4.6.0.tgz",
      "integrity": "sha1-dx7Hg540c9nEzeKLGTlMNWL09tM="
    },
    "lodash.merge": {
      "version": "4.6.1",
      "resolved": "http://registry.npm.taobao.org/lodash.merge/download/lodash.merge-4.6.1.tgz",
      "integrity": "sha1-rcJdnLmbk5HFliTzefu6YNcRHVQ="
    },
    "lodash.pick": {
      "version": "4.4.0",
      "resolved": "http://registry.npm.taobao.org/lodash.pick/download/lodash.pick-4.4.0.tgz",
      "integrity": "sha1-UvBWEP/53tQiYRRB7R/BI6AwAbM="
    },
    "lodash.reduce": {
      "version": "4.6.0",
      "resolved": "http://registry.npm.taobao.org/lodash.reduce/download/lodash.reduce-4.6.0.tgz",
      "integrity": "sha1-8atrg5KZrUj3hKu/R2WW8DuRTTs="
    },
    "lodash.reject": {
      "version": "4.6.0",
      "resolved": "http://registry.npm.taobao.org/lodash.reject/download/lodash.reject-4.6.0.tgz",
      "integrity": "sha1-gNZJLcFHCGS79YNTO2UfQqn1JBU="
    },
    "lodash.some": {
      "version": "4.6.0",
      "resolved": "http://registry.npm.taobao.org/lodash.some/download/lodash.some-4.6.0.tgz",
      "integrity": "sha1-G7nzFO9ri63tE7VJFpsqlF62jk0="
    },
    "match-at": {
      "version": "0.1.1",
      "resolved": "http://registry.npm.taobao.org/match-at/download/match-at-0.1.1.tgz",
      "integrity": "sha1-JdBA0pF3dwTV5lVru3kjDsLeBUA="
    },
    "moment": {
      "version": "2.22.2",
      "resolved": "http://registry.npm.taobao.org/moment/download/moment-2.22.2.tgz",
      "integrity": "sha1-PCV/mDn8DpP/UxSWMiOeuQeD/2Y="
    },
    "nth-check": {
      "version": "1.0.1",
      "resolved": "https://registry.npmjs.org/nth-check/-/nth-check-1.0.1.tgz",
      "integrity": "sha1-mSms32KPwsQQmN6rgqxYDPFJquQ=",
      "requires": {
        "boolbase": "~1.0.0"
      }
    },
    "nvm": {
      "version": "0.0.4",
      "resolved": "http://registry.npm.taobao.org/nvm/download/nvm-0.0.4.tgz",
      "integrity": "sha1-OKF46dMbKDUIyS0VydqGHRqSELw="
    },
    "process-nextick-args": {
      "version": "2.0.0",
      "resolved": "https://registry.npmjs.org/process-nextick-args/-/process-nextick-args-2.0.0.tgz",
      "integrity": "sha1-o31zL0JxtKsa0HDTVQjoKQeI/6o="
    },
    "q": {
      "version": "1.5.1",
      "resolved": "http://registry.npm.taobao.org/q/download/q-1.5.1.tgz",
      "integrity": "sha1-fjL3W0E4EpHQRhHxvxQQmsAGUdc="
    },
    "readable-stream": {
      "version": "2.3.6",
      "resolved": "https://registry.npmjs.org/readable-stream/-/readable-stream-2.3.6.tgz",
      "integrity": "sha1-sRwn2IuP8fvgcGQ8+UsMea4bCq8=",
      "requires": {
        "core-util-is": "~1.0.0",
        "inherits": "~2.0.3",
        "isarray": "~1.0.0",
        "process-nextick-args": "~2.0.0",
        "safe-buffer": "~5.1.1",
        "string_decoder": "~1.1.1",
        "util-deprecate": "~1.0.1"
      }
    },
    "safe-buffer": {
      "version": "5.1.2",
      "resolved": "https://registry.npmjs.org/safe-buffer/-/safe-buffer-5.1.2.tgz",
      "integrity": "sha1-mR7GnSluAxN0fVm9/St0XDX4go0="
    },
    "string_decoder": {
      "version": "1.1.1",
      "resolved": "https://registry.npmjs.org/string_decoder/-/string_decoder-1.1.1.tgz",
      "integrity": "sha1-nPFhG6YmhdcDCunkujQUnDrwP8g=",
      "requires": {
        "safe-buffer": "~5.1.0"
      }
    },
    "util-deprecate": {
      "version": "1.0.2",
      "resolved": "https://registry.npmjs.org/util-deprecate/-/util-deprecate-1.0.2.tgz",
      "integrity": "sha1-RQ1Nyfpw3nMnYvvS1KKJgUGaDM8="
    }
  }
}
